
Microsoft Visual Studio Solution File, Format Version 12.00
# Visual Studio 15
VisualStudioVersion = 15.0.27703.2026
MinimumVisualStudioVersion = 10.0.40219.1
Project("{FAE04EC0-301F-11D3-BF4B-00C04F79EFBC}") = "[LFP]Practica", "[LFP]Practica\[LFP]Practica.csproj", "{4F1836D4-BCE5-4337-A693-3A1CE6B612CD}"
EndProject
Global
	GlobalSection(SolutionConfigurationPlatforms) = preSolution
		Debug|Any CPU = Debug|Any CPU
		Release|Any CPU = Release|Any CPU
	EndGlobalSection
	GlobalSection(ProjectConfigurationPlatforms) = postSolution
		{4F1836D4-BCE5-4337-A693-3A1CE6B612CD}.Debug|Any CPU.ActiveCfg = Debug|Any CPU
		{4F1836D4-BCE5-4337-A693-3A1CE6B612CD}.Debug|Any CPU.Build.0 = Debug|Any CPU
		{4F1836D4-BCE5-4337-A693-3A1CE6B612CD}.Release|Any CPU.ActiveCfg = Release|Any CPU
		{4F1836D4-BCE5-4337-A693-3A1CE6B612CD}.Release|Any CPU.Build.0 = Release|Any CPU
	EndGlobalSection
	GlobalSection(SolutionProperties) = preSolution
		HideSolutionNode = FALSE
	EndGlobalSection
	GlobalSection(ExtensibilityGlobals) = postSolution
		SolutionGuid = {AA9A43D5-23B9-4585-9E51-1324FB635822}
	EndGlobalSection
EndGlobal
